// !$*UTF8*$!
{
	archiveVersion = 1;
	classes = {
	};
	objectVersion = 55;
	objects = {

/* Begin PBXBuildFile section */
		2770203DB482880AFF9740EC /* Pods_PhotoUsTests.framework in Frameworks */ = {isa = PBXBuildFile; fileRef = B7B4BABB608617A5C009C6F8 /* Pods_PhotoUsTests.framework */; };
		846ECAB702CCF81B9A3C9543 /* Pods_PhotoUs.framework in Frameworks */ = {isa = PBXBuildFile; fileRef = 8C05D09E14D6EB52A947A6EE /* Pods_PhotoUs.framework */; };
		B46430447D6DA1C073E225D3 /* Pods_PhotoUs_PhotoUsUITests.framework in Frameworks */ = {isa = PBXBuildFile; fileRef = 5889E9AB2B3142F62CDEC14D /* Pods_PhotoUs_PhotoUsUITests.framework */; };
		DF0231DA28A286220038FB2B /* AppDelegate.swift in Sources */ = {isa = PBXBuildFile; fileRef = DF0231D928A286220038FB2B /* AppDelegate.swift */; };
		DF0231DC28A286220038FB2B /* SceneDelegate.swift in Sources */ = {isa = PBXBuildFile; fileRef = DF0231DB28A286220038FB2B /* SceneDelegate.swift */; };
		DF0231E328A286220038FB2B /* Assets.xcassets in Resources */ = {isa = PBXBuildFile; fileRef = DF0231E228A286220038FB2B /* Assets.xcassets */; };
		DF0231E628A286220038FB2B /* LaunchScreen.storyboard in Resources */ = {isa = PBXBuildFile; fileRef = DF0231E428A286220038FB2B /* LaunchScreen.storyboard */; };
		DF0231F128A286220038FB2B /* PhotoUsTests.swift in Sources */ = {isa = PBXBuildFile; fileRef = DF0231F028A286220038FB2B /* PhotoUsTests.swift */; };
		DF0231FB28A286220038FB2B /* PhotoUsUITests.swift in Sources */ = {isa = PBXBuildFile; fileRef = DF0231FA28A286220038FB2B /* PhotoUsUITests.swift */; };
		DF0231FD28A286220038FB2B /* PhotoUsUITestsLaunchTests.swift in Sources */ = {isa = PBXBuildFile; fileRef = DF0231FC28A286220038FB2B /* PhotoUsUITestsLaunchTests.swift */; };
		DF508FCB28A3CA69003B7B0A /* ViewCoding.swift in Sources */ = {isa = PBXBuildFile; fileRef = DF508FCA28A3CA69003B7B0A /* ViewCoding.swift */; };
		DF5CB09628A3DE5200749DDC /* UserSession.swift in Sources */ = {isa = PBXBuildFile; fileRef = DF5CB09528A3DE5200749DDC /* UserSession.swift */; };
		DF5CB09828A4336D00749DDC /* RegisterViewModel.swift in Sources */ = {isa = PBXBuildFile; fileRef = DF5CB09728A4336D00749DDC /* RegisterViewModel.swift */; };
		DF5CB09C28A6985B00749DDC /* Keychain.swift in Sources */ = {isa = PBXBuildFile; fileRef = DF5CB09B28A6985B00749DDC /* Keychain.swift */; };
		DF5CB0A128A69F8C00749DDC /* APIEnums.swift in Sources */ = {isa = PBXBuildFile; fileRef = DF5CB0A028A69F8C00749DDC /* APIEnums.swift */; };
		DF5CB0A328A6A34300749DDC /* KeychainEnums.swift in Sources */ = {isa = PBXBuildFile; fileRef = DF5CB0A228A6A34300749DDC /* KeychainEnums.swift */; };
		DF5CB0A528A6B32E00749DDC /* LoginViewModel.swift in Sources */ = {isa = PBXBuildFile; fileRef = DF5CB0A428A6B32E00749DDC /* LoginViewModel.swift */; };
		DF5CB0A928A6B54700749DDC /* AppIdentifiers.swift in Sources */ = {isa = PBXBuildFile; fileRef = DF5CB0A828A6B54700749DDC /* AppIdentifiers.swift */; };
		DF5CB0AB28AA757700749DDC /* LoginViewController.swift in Sources */ = {isa = PBXBuildFile; fileRef = DF5CB0AA28AA757700749DDC /* LoginViewController.swift */; };
		DF5CB0AF28AA877F00749DDC /* CustomTextField.swift in Sources */ = {isa = PBXBuildFile; fileRef = DF5CB0AE28AA877F00749DDC /* CustomTextField.swift */; };
		DF5CB0B128AAA81F00749DDC /* LoginFieldsComponent.swift in Sources */ = {isa = PBXBuildFile; fileRef = DF5CB0B028AAA81F00749DDC /* LoginFieldsComponent.swift */; };
		DF5CB0B328AABC9C00749DDC /* LoginViewControllerDelegate.swift in Sources */ = {isa = PBXBuildFile; fileRef = DF5CB0B228AABC9C00749DDC /* LoginViewControllerDelegate.swift */; };
		DF5CB0B528AADA9F00749DDC /* RegisterHeaderComponent.swift in Sources */ = {isa = PBXBuildFile; fileRef = DF5CB0B428AADA9F00749DDC /* RegisterHeaderComponent.swift */; };
		DF5CB0B728AAEF2100749DDC /* RegisterFormComponent.swift in Sources */ = {isa = PBXBuildFile; fileRef = DF5CB0B628AAEF2100749DDC /* RegisterFormComponent.swift */; };
		DF8B39C128A32B4E00C3835D /* APIQuery.swift in Sources */ = {isa = PBXBuildFile; fileRef = DF8B39C028A32B4E00C3835D /* APIQuery.swift */; };
		DFD9036D28A29B2C007446AC /* RegisterViewController.swift in Sources */ = {isa = PBXBuildFile; fileRef = DFD9036C28A29B2C007446AC /* RegisterViewController.swift */; };
		DFD9037028A29B91007446AC /* API.swift in Sources */ = {isa = PBXBuildFile; fileRef = DFD9036F28A29B91007446AC /* API.swift */; };
		DFD9037328A2A258007446AC /* User.swift in Sources */ = {isa = PBXBuildFile; fileRef = DFD9037228A2A258007446AC /* User.swift */; };
		DFEA1D7A28AC2844006C8ECF /* RegisterViewControllerDelegate.swift in Sources */ = {isa = PBXBuildFile; fileRef = DFEA1D7928AC2844006C8ECF /* RegisterViewControllerDelegate.swift */; };
/* End PBXBuildFile section */

/* Begin PBXContainerItemProxy section */
		DF0231ED28A286220038FB2B /* PBXContainerItemProxy */ = {
			isa = PBXContainerItemProxy;
			containerPortal = DF0231CE28A286220038FB2B /* Project object */;
			proxyType = 1;
			remoteGlobalIDString = DF0231D528A286220038FB2B;
			remoteInfo = PhotoUs;
		};
		DF0231F728A286220038FB2B /* PBXContainerItemProxy */ = {
			isa = PBXContainerItemProxy;
			containerPortal = DF0231CE28A286220038FB2B /* Project object */;
			proxyType = 1;
			remoteGlobalIDString = DF0231D528A286220038FB2B;
			remoteInfo = PhotoUs;
		};
/* End PBXContainerItemProxy section */

/* Begin PBXFileReference section */
		390CDAF3AB793364B035AD0A /* Pods-PhotoUsTests.release.xcconfig */ = {isa = PBXFileReference; includeInIndex = 1; lastKnownFileType = text.xcconfig; name = "Pods-PhotoUsTests.release.xcconfig"; path = "Target Support Files/Pods-PhotoUsTests/Pods-PhotoUsTests.release.xcconfig"; sourceTree = "<group>"; };
		47649EFF924E25EC8BCB1FE1 /* Pods-PhotoUs.release.xcconfig */ = {isa = PBXFileReference; includeInIndex = 1; lastKnownFileType = text.xcconfig; name = "Pods-PhotoUs.release.xcconfig"; path = "Target Support Files/Pods-PhotoUs/Pods-PhotoUs.release.xcconfig"; sourceTree = "<group>"; };
		5889E9AB2B3142F62CDEC14D /* Pods_PhotoUs_PhotoUsUITests.framework */ = {isa = PBXFileReference; explicitFileType = wrapper.framework; includeInIndex = 0; path = Pods_PhotoUs_PhotoUsUITests.framework; sourceTree = BUILT_PRODUCTS_DIR; };
		604FC1915465525CC6DB35E6 /* Pods-PhotoUs-PhotoUsUITests.release.xcconfig */ = {isa = PBXFileReference; includeInIndex = 1; lastKnownFileType = text.xcconfig; name = "Pods-PhotoUs-PhotoUsUITests.release.xcconfig"; path = "Target Support Files/Pods-PhotoUs-PhotoUsUITests/Pods-PhotoUs-PhotoUsUITests.release.xcconfig"; sourceTree = "<group>"; };
		8C05D09E14D6EB52A947A6EE /* Pods_PhotoUs.framework */ = {isa = PBXFileReference; explicitFileType = wrapper.framework; includeInIndex = 0; path = Pods_PhotoUs.framework; sourceTree = BUILT_PRODUCTS_DIR; };
		A6C3D7F69621F940DEDB578D /* Pods-PhotoUs.debug.xcconfig */ = {isa = PBXFileReference; includeInIndex = 1; lastKnownFileType = text.xcconfig; name = "Pods-PhotoUs.debug.xcconfig"; path = "Target Support Files/Pods-PhotoUs/Pods-PhotoUs.debug.xcconfig"; sourceTree = "<group>"; };
		B7B4BABB608617A5C009C6F8 /* Pods_PhotoUsTests.framework */ = {isa = PBXFileReference; explicitFileType = wrapper.framework; includeInIndex = 0; path = Pods_PhotoUsTests.framework; sourceTree = BUILT_PRODUCTS_DIR; };
		CBFD1B108D8B2C949FE511B0 /* Pods-PhotoUsTests.debug.xcconfig */ = {isa = PBXFileReference; includeInIndex = 1; lastKnownFileType = text.xcconfig; name = "Pods-PhotoUsTests.debug.xcconfig"; path = "Target Support Files/Pods-PhotoUsTests/Pods-PhotoUsTests.debug.xcconfig"; sourceTree = "<group>"; };
		DF0231D628A286220038FB2B /* PhotoUs.app */ = {isa = PBXFileReference; explicitFileType = wrapper.application; includeInIndex = 0; path = PhotoUs.app; sourceTree = BUILT_PRODUCTS_DIR; };
		DF0231D928A286220038FB2B /* AppDelegate.swift */ = {isa = PBXFileReference; lastKnownFileType = sourcecode.swift; path = AppDelegate.swift; sourceTree = "<group>"; };
		DF0231DB28A286220038FB2B /* SceneDelegate.swift */ = {isa = PBXFileReference; lastKnownFileType = sourcecode.swift; path = SceneDelegate.swift; sourceTree = "<group>"; };
		DF0231E228A286220038FB2B /* Assets.xcassets */ = {isa = PBXFileReference; lastKnownFileType = folder.assetcatalog; path = Assets.xcassets; sourceTree = "<group>"; };
		DF0231E528A286220038FB2B /* Base */ = {isa = PBXFileReference; lastKnownFileType = file.storyboard; name = Base; path = Base.lproj/LaunchScreen.storyboard; sourceTree = "<group>"; };
		DF0231E728A286220038FB2B /* Info.plist */ = {isa = PBXFileReference; lastKnownFileType = text.plist.xml; path = Info.plist; sourceTree = "<group>"; };
		DF0231EC28A286220038FB2B /* PhotoUsTests.xctest */ = {isa = PBXFileReference; explicitFileType = wrapper.cfbundle; includeInIndex = 0; path = PhotoUsTests.xctest; sourceTree = BUILT_PRODUCTS_DIR; };
		DF0231F028A286220038FB2B /* PhotoUsTests.swift */ = {isa = PBXFileReference; lastKnownFileType = sourcecode.swift; path = PhotoUsTests.swift; sourceTree = "<group>"; };
		DF0231F628A286220038FB2B /* PhotoUsUITests.xctest */ = {isa = PBXFileReference; explicitFileType = wrapper.cfbundle; includeInIndex = 0; path = PhotoUsUITests.xctest; sourceTree = BUILT_PRODUCTS_DIR; };
		DF0231FA28A286220038FB2B /* PhotoUsUITests.swift */ = {isa = PBXFileReference; lastKnownFileType = sourcecode.swift; path = PhotoUsUITests.swift; sourceTree = "<group>"; };
		DF0231FC28A286220038FB2B /* PhotoUsUITestsLaunchTests.swift */ = {isa = PBXFileReference; lastKnownFileType = sourcecode.swift; path = PhotoUsUITestsLaunchTests.swift; sourceTree = "<group>"; };
		DF508FCA28A3CA69003B7B0A /* ViewCoding.swift */ = {isa = PBXFileReference; lastKnownFileType = sourcecode.swift; path = ViewCoding.swift; sourceTree = "<group>"; };
		DF5CB09528A3DE5200749DDC /* UserSession.swift */ = {isa = PBXFileReference; lastKnownFileType = sourcecode.swift; path = UserSession.swift; sourceTree = "<group>"; };
		DF5CB09728A4336D00749DDC /* RegisterViewModel.swift */ = {isa = PBXFileReference; lastKnownFileType = sourcecode.swift; name = RegisterViewModel.swift; path = PhotoUs/Sources/Model/RegisterViewModel.swift; sourceTree = SOURCE_ROOT; };
		DF5CB09B28A6985B00749DDC /* Keychain.swift */ = {isa = PBXFileReference; lastKnownFileType = sourcecode.swift; path = Keychain.swift; sourceTree = "<group>"; };
		DF5CB0A028A69F8C00749DDC /* APIEnums.swift */ = {isa = PBXFileReference; lastKnownFileType = sourcecode.swift; path = APIEnums.swift; sourceTree = "<group>"; };
		DF5CB0A228A6A34300749DDC /* KeychainEnums.swift */ = {isa = PBXFileReference; lastKnownFileType = sourcecode.swift; path = KeychainEnums.swift; sourceTree = "<group>"; };
		DF5CB0A428A6B32E00749DDC /* LoginViewModel.swift */ = {isa = PBXFileReference; lastKnownFileType = sourcecode.swift; name = LoginViewModel.swift; path = PhotoUs/Sources/Enums/LoginViewModel.swift; sourceTree = SOURCE_ROOT; };
		DF5CB0A828A6B54700749DDC /* AppIdentifiers.swift */ = {isa = PBXFileReference; lastKnownFileType = sourcecode.swift; path = AppIdentifiers.swift; sourceTree = "<group>"; };
		DF5CB0AA28AA757700749DDC /* LoginViewController.swift */ = {isa = PBXFileReference; lastKnownFileType = sourcecode.swift; path = LoginViewController.swift; sourceTree = "<group>"; };
		DF5CB0AE28AA877F00749DDC /* CustomTextField.swift */ = {isa = PBXFileReference; lastKnownFileType = sourcecode.swift; path = CustomTextField.swift; sourceTree = "<group>"; };
		DF5CB0B028AAA81F00749DDC /* LoginFieldsComponent.swift */ = {isa = PBXFileReference; lastKnownFileType = sourcecode.swift; path = LoginFieldsComponent.swift; sourceTree = "<group>"; };
		DF5CB0B228AABC9C00749DDC /* LoginViewControllerDelegate.swift */ = {isa = PBXFileReference; lastKnownFileType = sourcecode.swift; path = LoginViewControllerDelegate.swift; sourceTree = "<group>"; };
		DF5CB0B428AADA9F00749DDC /* RegisterHeaderComponent.swift */ = {isa = PBXFileReference; lastKnownFileType = sourcecode.swift; path = RegisterHeaderComponent.swift; sourceTree = "<group>"; };
		DF5CB0B628AAEF2100749DDC /* RegisterFormComponent.swift */ = {isa = PBXFileReference; lastKnownFileType = sourcecode.swift; path = RegisterFormComponent.swift; sourceTree = "<group>"; };
		DF8B39C028A32B4E00C3835D /* APIQuery.swift */ = {isa = PBXFileReference; lastKnownFileType = sourcecode.swift; path = APIQuery.swift; sourceTree = "<group>"; };
		DFD9036C28A29B2C007446AC /* RegisterViewController.swift */ = {isa = PBXFileReference; lastKnownFileType = sourcecode.swift; path = RegisterViewController.swift; sourceTree = "<group>"; };
		DFD9036F28A29B91007446AC /* API.swift */ = {isa = PBXFileReference; lastKnownFileType = sourcecode.swift; path = API.swift; sourceTree = "<group>"; };
		DFD9037228A2A258007446AC /* User.swift */ = {isa = PBXFileReference; lastKnownFileType = sourcecode.swift; path = User.swift; sourceTree = "<group>"; };
		DFEA1D7928AC2844006C8ECF /* RegisterViewControllerDelegate.swift */ = {isa = PBXFileReference; lastKnownFileType = sourcecode.swift; path = RegisterViewControllerDelegate.swift; sourceTree = "<group>"; };
		F996297208B3718BC651116A /* Pods-PhotoUs-PhotoUsUITests.debug.xcconfig */ = {isa = PBXFileReference; includeInIndex = 1; lastKnownFileType = text.xcconfig; name = "Pods-PhotoUs-PhotoUsUITests.debug.xcconfig"; path = "Target Support Files/Pods-PhotoUs-PhotoUsUITests/Pods-PhotoUs-PhotoUsUITests.debug.xcconfig"; sourceTree = "<group>"; };
/* End PBXFileReference section */

/* Begin PBXFrameworksBuildPhase section */
		DF0231D328A286220038FB2B /* Frameworks */ = {
			isa = PBXFrameworksBuildPhase;
			buildActionMask = 2147483647;
			files = (
				846ECAB702CCF81B9A3C9543 /* Pods_PhotoUs.framework in Frameworks */,
			);
			runOnlyForDeploymentPostprocessing = 0;
		};
		DF0231E928A286220038FB2B /* Frameworks */ = {
			isa = PBXFrameworksBuildPhase;
			buildActionMask = 2147483647;
			files = (
				2770203DB482880AFF9740EC /* Pods_PhotoUsTests.framework in Frameworks */,
			);
			runOnlyForDeploymentPostprocessing = 0;
		};
		DF0231F328A286220038FB2B /* Frameworks */ = {
			isa = PBXFrameworksBuildPhase;
			buildActionMask = 2147483647;
			files = (
				B46430447D6DA1C073E225D3 /* Pods_PhotoUs_PhotoUsUITests.framework in Frameworks */,
			);
			runOnlyForDeploymentPostprocessing = 0;
		};
/* End PBXFrameworksBuildPhase section */

/* Begin PBXGroup section */
		3B9696E0FD3BB6CF2916E5D4 /* Frameworks */ = {
			isa = PBXGroup;
			children = (
				8C05D09E14D6EB52A947A6EE /* Pods_PhotoUs.framework */,
				5889E9AB2B3142F62CDEC14D /* Pods_PhotoUs_PhotoUsUITests.framework */,
				B7B4BABB608617A5C009C6F8 /* Pods_PhotoUsTests.framework */,
			);
			name = Frameworks;
			sourceTree = "<group>";
		};
		A4BFC05317A4428ADE4C0D7C /* Pods */ = {
			isa = PBXGroup;
			children = (
				A6C3D7F69621F940DEDB578D /* Pods-PhotoUs.debug.xcconfig */,
				47649EFF924E25EC8BCB1FE1 /* Pods-PhotoUs.release.xcconfig */,
				F996297208B3718BC651116A /* Pods-PhotoUs-PhotoUsUITests.debug.xcconfig */,
				604FC1915465525CC6DB35E6 /* Pods-PhotoUs-PhotoUsUITests.release.xcconfig */,
				CBFD1B108D8B2C949FE511B0 /* Pods-PhotoUsTests.debug.xcconfig */,
				390CDAF3AB793364B035AD0A /* Pods-PhotoUsTests.release.xcconfig */,
			);
			path = Pods;
			sourceTree = "<group>";
		};
		DF0231CD28A286220038FB2B = {
			isa = PBXGroup;
			children = (
				DF0231D828A286220038FB2B /* PhotoUs */,
				DF0231EF28A286220038FB2B /* PhotoUsTests */,
				DF0231F928A286220038FB2B /* PhotoUsUITests */,
				DF0231D728A286220038FB2B /* Products */,
				A4BFC05317A4428ADE4C0D7C /* Pods */,
				3B9696E0FD3BB6CF2916E5D4 /* Frameworks */,
			);
			sourceTree = "<group>";
		};
		DF0231D728A286220038FB2B /* Products */ = {
			isa = PBXGroup;
			children = (
				DF0231D628A286220038FB2B /* PhotoUs.app */,
				DF0231EC28A286220038FB2B /* PhotoUsTests.xctest */,
				DF0231F628A286220038FB2B /* PhotoUsUITests.xctest */,
			);
			name = Products;
			sourceTree = "<group>";
		};
		DF0231D828A286220038FB2B /* PhotoUs */ = {
			isa = PBXGroup;
			children = (
				DF8B39BE28A328DD00C3835D /* Resources */,
				DF8B39BD28A328BF00C3835D /* Application */,
				DF8B39BC28A328A800C3835D /* Sources */,
				DF0231E428A286220038FB2B /* LaunchScreen.storyboard */,
				DF0231E728A286220038FB2B /* Info.plist */,
			);
			path = PhotoUs;
			sourceTree = "<group>";
		};
		DF0231EF28A286220038FB2B /* PhotoUsTests */ = {
			isa = PBXGroup;
			children = (
				DF0231F028A286220038FB2B /* PhotoUsTests.swift */,
			);
			path = PhotoUsTests;
			sourceTree = "<group>";
		};
		DF0231F928A286220038FB2B /* PhotoUsUITests */ = {
			isa = PBXGroup;
			children = (
				DF0231FA28A286220038FB2B /* PhotoUsUITests.swift */,
				DF0231FC28A286220038FB2B /* PhotoUsUITestsLaunchTests.swift */,
			);
			path = PhotoUsUITests;
			sourceTree = "<group>";
		};
		DF02320928A287900038FB2B /* View */ = {
			isa = PBXGroup;
			children = (
				DFD9036C28A29B2C007446AC /* RegisterViewController.swift */,
				DF5CB0AA28AA757700749DDC /* LoginViewController.swift */,
			);
			path = View;
			sourceTree = "<group>";
		};
		DF508FC928A3CA54003B7B0A /* Protocols */ = {
			isa = PBXGroup;
			children = (
				DF508FCA28A3CA69003B7B0A /* ViewCoding.swift */,
				DF5CB0B228AABC9C00749DDC /* LoginViewControllerDelegate.swift */,
				DFEA1D7928AC2844006C8ECF /* RegisterViewControllerDelegate.swift */,
			);
			path = Protocols;
			sourceTree = "<group>";
		};
		DF5CB09F28A69F6B00749DDC /* Enums */ = {
			isa = PBXGroup;
			children = (
				DF5CB0A028A69F8C00749DDC /* APIEnums.swift */,
				DF5CB0A228A6A34300749DDC /* KeychainEnums.swift */,
			);
			path = Enums;
			sourceTree = "<group>";
		};
		DF5CB0AD28AA874100749DDC /* Components */ = {
			isa = PBXGroup;
			children = (
				DF5CB0AE28AA877F00749DDC /* CustomTextField.swift */,
				DF5CB0B028AAA81F00749DDC /* LoginFieldsComponent.swift */,
				DF5CB0B428AADA9F00749DDC /* RegisterHeaderComponent.swift */,
				DF5CB0B628AAEF2100749DDC /* RegisterFormComponent.swift */,
			);
			path = Components;
			sourceTree = "<group>";
		};
		DF8B39BC28A328A800C3835D /* Sources */ = {
			isa = PBXGroup;
			children = (
				DF5CB0AD28AA874100749DDC /* Components */,
				DF5CB09F28A69F6B00749DDC /* Enums */,
				DF508FC928A3CA54003B7B0A /* Protocols */,
				DFD9036E28A29B82007446AC /* Service */,
				DFD9037128A2A24C007446AC /* Model */,
				DF02320928A287900038FB2B /* View */,
				DF8B39BF28A32ADB00C3835D /* ViewModel */,
				DF5CB0A828A6B54700749DDC /* AppIdentifiers.swift */,
			);
			path = Sources;
			sourceTree = "<group>";
		};
		DF8B39BD28A328BF00C3835D /* Application */ = {
			isa = PBXGroup;
			children = (
				DF0231D928A286220038FB2B /* AppDelegate.swift */,
				DF0231DB28A286220038FB2B /* SceneDelegate.swift */,
			);
			path = Application;
			sourceTree = "<group>";
		};
		DF8B39BE28A328DD00C3835D /* Resources */ = {
			isa = PBXGroup;
			children = (
				DF0231E228A286220038FB2B /* Assets.xcassets */,
			);
			path = Resources;
			sourceTree = "<group>";
		};
		DF8B39BF28A32ADB00C3835D /* ViewModel */ = {
			isa = PBXGroup;
			children = (
				DF5CB09728A4336D00749DDC /* RegisterViewModel.swift */,
				DF5CB0A428A6B32E00749DDC /* LoginViewModel.swift */,
			);
			path = ViewModel;
			sourceTree = "<group>";
		};
		DFD9036E28A29B82007446AC /* Service */ = {
			isa = PBXGroup;
			children = (
				DFD9036F28A29B91007446AC /* API.swift */,
				DF5CB09B28A6985B00749DDC /* Keychain.swift */,
			);
			path = Service;
			sourceTree = "<group>";
		};
		DFD9037128A2A24C007446AC /* Model */ = {
			isa = PBXGroup;
			children = (
				DFD9037228A2A258007446AC /* User.swift */,
				DF8B39C028A32B4E00C3835D /* APIQuery.swift */,
				DF5CB09528A3DE5200749DDC /* UserSession.swift */,
			);
			path = Model;
			sourceTree = "<group>";
		};
/* End PBXGroup section */

/* Begin PBXNativeTarget section */
		DF0231D528A286220038FB2B /* PhotoUs */ = {
			isa = PBXNativeTarget;
			buildConfigurationList = DF02320028A286220038FB2B /* Build configuration list for PBXNativeTarget "PhotoUs" */;
			buildPhases = (
				48724C4C8D1AC4484284D044 /* [CP] Check Pods Manifest.lock */,
				DF0231D228A286220038FB2B /* Sources */,
				DF0231D328A286220038FB2B /* Frameworks */,
				DF0231D428A286220038FB2B /* Resources */,
				BD6BA1C5CDE2BD067B87A314 /* [CP] Embed Pods Frameworks */,
			);
			buildRules = (
			);
			dependencies = (
			);
			name = PhotoUs;
			productName = PhotoUs;
			productReference = DF0231D628A286220038FB2B /* PhotoUs.app */;
			productType = "com.apple.product-type.application";
		};
		DF0231EB28A286220038FB2B /* PhotoUsTests */ = {
			isa = PBXNativeTarget;
			buildConfigurationList = DF02320328A286220038FB2B /* Build configuration list for PBXNativeTarget "PhotoUsTests" */;
			buildPhases = (
				0E2C8D71DF61DF7458437561 /* [CP] Check Pods Manifest.lock */,
				DF0231E828A286220038FB2B /* Sources */,
				DF0231E928A286220038FB2B /* Frameworks */,
				DF0231EA28A286220038FB2B /* Resources */,
			);
			buildRules = (
			);
			dependencies = (
				DF0231EE28A286220038FB2B /* PBXTargetDependency */,
			);
			name = PhotoUsTests;
			productName = PhotoUsTests;
			productReference = DF0231EC28A286220038FB2B /* PhotoUsTests.xctest */;
			productType = "com.apple.product-type.bundle.unit-test";
		};
		DF0231F528A286220038FB2B /* PhotoUsUITests */ = {
			isa = PBXNativeTarget;
			buildConfigurationList = DF02320628A286220038FB2B /* Build configuration list for PBXNativeTarget "PhotoUsUITests" */;
			buildPhases = (
				6989D2D33250FF36B27F7954 /* [CP] Check Pods Manifest.lock */,
				DF0231F228A286220038FB2B /* Sources */,
				DF0231F328A286220038FB2B /* Frameworks */,
				DF0231F428A286220038FB2B /* Resources */,
				C6CAED2258A61AFD22C8283D /* [CP] Embed Pods Frameworks */,
			);
			buildRules = (
			);
			dependencies = (
				DF0231F828A286220038FB2B /* PBXTargetDependency */,
			);
			name = PhotoUsUITests;
			productName = PhotoUsUITests;
			productReference = DF0231F628A286220038FB2B /* PhotoUsUITests.xctest */;
			productType = "com.apple.product-type.bundle.ui-testing";
		};
/* End PBXNativeTarget section */

/* Begin PBXProject section */
		DF0231CE28A286220038FB2B /* Project object */ = {
			isa = PBXProject;
			attributes = {
				BuildIndependentTargetsInParallel = 1;
				LastSwiftUpdateCheck = 1340;
				LastUpgradeCheck = 1340;
				TargetAttributes = {
					DF0231D528A286220038FB2B = {
						CreatedOnToolsVersion = 13.4.1;
					};
					DF0231EB28A286220038FB2B = {
						CreatedOnToolsVersion = 13.4.1;
						TestTargetID = DF0231D528A286220038FB2B;
					};
					DF0231F528A286220038FB2B = {
						CreatedOnToolsVersion = 13.4.1;
						TestTargetID = DF0231D528A286220038FB2B;
					};
				};
			};
			buildConfigurationList = DF0231D128A286220038FB2B /* Build configuration list for PBXProject "PhotoUs" */;
			compatibilityVersion = "Xcode 13.0";
			developmentRegion = en;
			hasScannedForEncodings = 0;
			knownRegions = (
				en,
				Base,
			);
			mainGroup = DF0231CD28A286220038FB2B;
			productRefGroup = DF0231D728A286220038FB2B /* Products */;
			projectDirPath = "";
			projectRoot = "";
			targets = (
				DF0231D528A286220038FB2B /* PhotoUs */,
				DF0231EB28A286220038FB2B /* PhotoUsTests */,
				DF0231F528A286220038FB2B /* PhotoUsUITests */,
			);
		};
/* End PBXProject section */

/* Begin PBXResourcesBuildPhase section */
		DF0231D428A286220038FB2B /* Resources */ = {
			isa = PBXResourcesBuildPhase;
			buildActionMask = 2147483647;
			files = (
				DF0231E628A286220038FB2B /* LaunchScreen.storyboard in Resources */,
				DF0231E328A286220038FB2B /* Assets.xcassets in Resources */,
			);
			runOnlyForDeploymentPostprocessing = 0;
		};
		DF0231EA28A286220038FB2B /* Resources */ = {
			isa = PBXResourcesBuildPhase;
			buildActionMask = 2147483647;
			files = (
			);
			runOnlyForDeploymentPostprocessing = 0;
		};
		DF0231F428A286220038FB2B /* Resources */ = {
			isa = PBXResourcesBuildPhase;
			buildActionMask = 2147483647;
			files = (
			);
			runOnlyForDeploymentPostprocessing = 0;
		};
/* End PBXResourcesBuildPhase section */

/* Begin PBXShellScriptBuildPhase section */
		0E2C8D71DF61DF7458437561 /* [CP] Check Pods Manifest.lock */ = {
			isa = PBXShellScriptBuildPhase;
			buildActionMask = 2147483647;
			files = (
			);
			inputFileListPaths = (
			);
			inputPaths = (
				"${PODS_PODFILE_DIR_PATH}/Podfile.lock",
				"${PODS_ROOT}/Manifest.lock",
			);
			name = "[CP] Check Pods Manifest.lock";
			outputFileListPaths = (
			);
			outputPaths = (
				"$(DERIVED_FILE_DIR)/Pods-PhotoUsTests-checkManifestLockResult.txt",
			);
			runOnlyForDeploymentPostprocessing = 0;
			shellPath = /bin/sh;
			shellScript = "diff \"${PODS_PODFILE_DIR_PATH}/Podfile.lock\" \"${PODS_ROOT}/Manifest.lock\" > /dev/null\nif [ $? != 0 ] ; then\n    # print error to STDERR\n    echo \"error: The sandbox is not in sync with the Podfile.lock. Run 'pod install' or update your CocoaPods installation.\" >&2\n    exit 1\nfi\n# This output is used by Xcode 'outputs' to avoid re-running this script phase.\necho \"SUCCESS\" > \"${SCRIPT_OUTPUT_FILE_0}\"\n";
			showEnvVarsInLog = 0;
		};
		48724C4C8D1AC4484284D044 /* [CP] Check Pods Manifest.lock */ = {
			isa = PBXShellScriptBuildPhase;
			buildActionMask = 2147483647;
			files = (
			);
			inputFileListPaths = (
			);
			inputPaths = (
				"${PODS_PODFILE_DIR_PATH}/Podfile.lock",
				"${PODS_ROOT}/Manifest.lock",
			);
			name = "[CP] Check Pods Manifest.lock";
			outputFileListPaths = (
			);
			outputPaths = (
				"$(DERIVED_FILE_DIR)/Pods-PhotoUs-checkManifestLockResult.txt",
			);
			runOnlyForDeploymentPostprocessing = 0;
			shellPath = /bin/sh;
			shellScript = "diff \"${PODS_PODFILE_DIR_PATH}/Podfile.lock\" \"${PODS_ROOT}/Manifest.lock\" > /dev/null\nif [ $? != 0 ] ; then\n    # print error to STDERR\n    echo \"error: The sandbox is not in sync with the Podfile.lock. Run 'pod install' or update your CocoaPods installation.\" >&2\n    exit 1\nfi\n# This output is used by Xcode 'outputs' to avoid re-running this script phase.\necho \"SUCCESS\" > \"${SCRIPT_OUTPUT_FILE_0}\"\n";
			showEnvVarsInLog = 0;
		};
		6989D2D33250FF36B27F7954 /* [CP] Check Pods Manifest.lock */ = {
			isa = PBXShellScriptBuildPhase;
			buildActionMask = 2147483647;
			files = (
			);
			inputFileListPaths = (
			);
			inputPaths = (
				"${PODS_PODFILE_DIR_PATH}/Podfile.lock",
				"${PODS_ROOT}/Manifest.lock",
			);
			name = "[CP] Check Pods Manifest.lock";
			outputFileListPaths = (
			);
			outputPaths = (
				"$(DERIVED_FILE_DIR)/Pods-PhotoUs-PhotoUsUITests-checkManifestLockResult.txt",
			);
			runOnlyForDeploymentPostprocessing = 0;
			shellPath = /bin/sh;
			shellScript = "diff \"${PODS_PODFILE_DIR_PATH}/Podfile.lock\" \"${PODS_ROOT}/Manifest.lock\" > /dev/null\nif [ $? != 0 ] ; then\n    # print error to STDERR\n    echo \"error: The sandbox is not in sync with the Podfile.lock. Run 'pod install' or update your CocoaPods installation.\" >&2\n    exit 1\nfi\n# This output is used by Xcode 'outputs' to avoid re-running this script phase.\necho \"SUCCESS\" > \"${SCRIPT_OUTPUT_FILE_0}\"\n";
			showEnvVarsInLog = 0;
		};
		BD6BA1C5CDE2BD067B87A314 /* [CP] Embed Pods Frameworks */ = {
			isa = PBXShellScriptBuildPhase;
			buildActionMask = 2147483647;
			files = (
			);
			inputFileListPaths = (
				"${PODS_ROOT}/Target Support Files/Pods-PhotoUs/Pods-PhotoUs-frameworks-${CONFIGURATION}-input-files.xcfilelist",
			);
			name = "[CP] Embed Pods Frameworks";
			outputFileListPaths = (
				"${PODS_ROOT}/Target Support Files/Pods-PhotoUs/Pods-PhotoUs-frameworks-${CONFIGURATION}-output-files.xcfilelist",
			);
			runOnlyForDeploymentPostprocessing = 0;
			shellPath = /bin/sh;
			shellScript = "\"${PODS_ROOT}/Target Support Files/Pods-PhotoUs/Pods-PhotoUs-frameworks.sh\"\n";
			showEnvVarsInLog = 0;
		};
		C6CAED2258A61AFD22C8283D /* [CP] Embed Pods Frameworks */ = {
			isa = PBXShellScriptBuildPhase;
			buildActionMask = 2147483647;
			files = (
			);
			inputFileListPaths = (
				"${PODS_ROOT}/Target Support Files/Pods-PhotoUs-PhotoUsUITests/Pods-PhotoUs-PhotoUsUITests-frameworks-${CONFIGURATION}-input-files.xcfilelist",
			);
			name = "[CP] Embed Pods Frameworks";
			outputFileListPaths = (
				"${PODS_ROOT}/Target Support Files/Pods-PhotoUs-PhotoUsUITests/Pods-PhotoUs-PhotoUsUITests-frameworks-${CONFIGURATION}-output-files.xcfilelist",
			);
			runOnlyForDeploymentPostprocessing = 0;
			shellPath = /bin/sh;
			shellScript = "\"${PODS_ROOT}/Target Support Files/Pods-PhotoUs-PhotoUsUITests/Pods-PhotoUs-PhotoUsUITests-frameworks.sh\"\n";
			showEnvVarsInLog = 0;
		};
/* End PBXShellScriptBuildPhase section */

/* Begin PBXSourcesBuildPhase section */
		DF0231D228A286220038FB2B /* Sources */ = {
			isa = PBXSourcesBuildPhase;
			buildActionMask = 2147483647;
			files = (
				DFD9036D28A29B2C007446AC /* RegisterViewController.swift in Sources */,
				DF8B39C128A32B4E00C3835D /* APIQuery.swift in Sources */,
				DF5CB0A928A6B54700749DDC /* AppIdentifiers.swift in Sources */,
				DF5CB0B528AADA9F00749DDC /* RegisterHeaderComponent.swift in Sources */,
				DF5CB0AB28AA757700749DDC /* LoginViewController.swift in Sources */,
				DF5CB0AF28AA877F00749DDC /* CustomTextField.swift in Sources */,
				DF5CB0A328A6A34300749DDC /* KeychainEnums.swift in Sources */,
				DF0231DA28A286220038FB2B /* AppDelegate.swift in Sources */,
				DF5CB0B128AAA81F00749DDC /* LoginFieldsComponent.swift in Sources */,
				DFD9037028A29B91007446AC /* API.swift in Sources */,
				DF508FCB28A3CA69003B7B0A /* ViewCoding.swift in Sources */,
				DFD9037328A2A258007446AC /* User.swift in Sources */,
				DF5CB0A128A69F8C00749DDC /* APIEnums.swift in Sources */,
				DF5CB0A528A6B32E00749DDC /* LoginViewModel.swift in Sources */,
				DF5CB0B728AAEF2100749DDC /* RegisterFormComponent.swift in Sources */,
				DF0231DC28A286220038FB2B /* SceneDelegate.swift in Sources */,
				DF5CB09828A4336D00749DDC /* RegisterViewModel.swift in Sources */,
				DF5CB0B328AABC9C00749DDC /* LoginViewControllerDelegate.swift in Sources */,
				DF5CB09628A3DE5200749DDC /* UserSession.swift in Sources */,
				DF5CB09C28A6985B00749DDC /* Keychain.swift in Sources */,
				DFEA1D7A28AC2844006C8ECF /* RegisterViewControllerDelegate.swift in Sources */,
			);
			runOnlyForDeploymentPostprocessing = 0;
		};
		DF0231E828A286220038FB2B /* Sources */ = {
			isa = PBXSourcesBuildPhase;
			buildActionMask = 2147483647;
			files = (
				DF0231F128A286220038FB2B /* PhotoUsTests.swift in Sources */,
			);
			runOnlyForDeploymentPostprocessing = 0;
		};
		DF0231F228A286220038FB2B /* Sources */ = {
			isa = PBXSourcesBuildPhase;
			buildActionMask = 2147483647;
			files = (
				DF0231FB28A286220038FB2B /* PhotoUsUITests.swift in Sources */,
				DF0231FD28A286220038FB2B /* PhotoUsUITestsLaunchTests.swift in Sources */,
			);
			runOnlyForDeploymentPostprocessing = 0;
		};
/* End PBXSourcesBuildPhase section */

/* Begin PBXTargetDependency section */
		DF0231EE28A286220038FB2B /* PBXTargetDependency */ = {
			isa = PBXTargetDependency;
			target = DF0231D528A286220038FB2B /* PhotoUs */;
			targetProxy = DF0231ED28A286220038FB2B /* PBXContainerItemProxy */;
		};
		DF0231F828A286220038FB2B /* PBXTargetDependency */ = {
			isa = PBXTargetDependency;
			target = DF0231D528A286220038FB2B /* PhotoUs */;
			targetProxy = DF0231F728A286220038FB2B /* PBXContainerItemProxy */;
		};
/* End PBXTargetDependency section */

/* Begin PBXVariantGroup section */
		DF0231E428A286220038FB2B /* LaunchScreen.storyboard */ = {
			isa = PBXVariantGroup;
			children = (
				DF0231E528A286220038FB2B /* Base */,
			);
			name = LaunchScreen.storyboard;
			sourceTree = "<group>";
		};
/* End PBXVariantGroup section */

/* Begin XCBuildConfiguration section */
		DF0231FE28A286220038FB2B /* Debug */ = {
			isa = XCBuildConfiguration;
			buildSettings = {
				ALWAYS_SEARCH_USER_PATHS = NO;
				CLANG_ANALYZER_NONNULL = YES;
				CLANG_ANALYZER_NUMBER_OBJECT_CONVERSION = YES_AGGRESSIVE;
				CLANG_CXX_LANGUAGE_STANDARD = "gnu++17";
				CLANG_ENABLE_MODULES = YES;
				CLANG_ENABLE_OBJC_ARC = YES;
				CLANG_ENABLE_OBJC_WEAK = YES;
				CLANG_WARN_BLOCK_CAPTURE_AUTORELEASING = YES;
				CLANG_WARN_BOOL_CONVERSION = YES;
				CLANG_WARN_COMMA = YES;
				CLANG_WARN_CONSTANT_CONVERSION = YES;
				CLANG_WARN_DEPRECATED_OBJC_IMPLEMENTATIONS = YES;
				CLANG_WARN_DIRECT_OBJC_ISA_USAGE = YES_ERROR;
				CLANG_WARN_DOCUMENTATION_COMMENTS = YES;
				CLANG_WARN_EMPTY_BODY = YES;
				CLANG_WARN_ENUM_CONVERSION = YES;
				CLANG_WARN_INFINITE_RECURSION = YES;
				CLANG_WARN_INT_CONVERSION = YES;
				CLANG_WARN_NON_LITERAL_NULL_CONVERSION = YES;
				CLANG_WARN_OBJC_IMPLICIT_RETAIN_SELF = YES;
				CLANG_WARN_OBJC_LITERAL_CONVERSION = YES;
				CLANG_WARN_OBJC_ROOT_CLASS = YES_ERROR;
				CLANG_WARN_QUOTED_INCLUDE_IN_FRAMEWORK_HEADER = YES;
				CLANG_WARN_RANGE_LOOP_ANALYSIS = YES;
				CLANG_WARN_STRICT_PROTOTYPES = YES;
				CLANG_WARN_SUSPICIOUS_MOVE = YES;
				CLANG_WARN_UNGUARDED_AVAILABILITY = YES_AGGRESSIVE;
				CLANG_WARN_UNREACHABLE_CODE = YES;
				CLANG_WARN__DUPLICATE_METHOD_MATCH = YES;
				COPY_PHASE_STRIP = NO;
				DEBUG_INFORMATION_FORMAT = dwarf;
				ENABLE_STRICT_OBJC_MSGSEND = YES;
				ENABLE_TESTABILITY = YES;
				GCC_C_LANGUAGE_STANDARD = gnu11;
				GCC_DYNAMIC_NO_PIC = NO;
				GCC_NO_COMMON_BLOCKS = YES;
				GCC_OPTIMIZATION_LEVEL = 0;
				GCC_PREPROCESSOR_DEFINITIONS = (
					"DEBUG=1",
					"$(inherited)",
				);
				GCC_WARN_64_TO_32_BIT_CONVERSION = YES;
				GCC_WARN_ABOUT_RETURN_TYPE = YES_ERROR;
				GCC_WARN_UNDECLARED_SELECTOR = YES;
				GCC_WARN_UNINITIALIZED_AUTOS = YES_AGGRESSIVE;
				GCC_WARN_UNUSED_FUNCTION = YES;
				GCC_WARN_UNUSED_VARIABLE = YES;
				IPHONEOS_DEPLOYMENT_TARGET = 15.5;
				MTL_ENABLE_DEBUG_INFO = INCLUDE_SOURCE;
				MTL_FAST_MATH = YES;
				ONLY_ACTIVE_ARCH = YES;
				SDKROOT = iphoneos;
				SWIFT_ACTIVE_COMPILATION_CONDITIONS = DEBUG;
				SWIFT_OPTIMIZATION_LEVEL = "-Onone";
			};
			name = Debug;
		};
		DF0231FF28A286220038FB2B /* Release */ = {
			isa = XCBuildConfiguration;
			buildSettings = {
				ALWAYS_SEARCH_USER_PATHS = NO;
				CLANG_ANALYZER_NONNULL = YES;
				CLANG_ANALYZER_NUMBER_OBJECT_CONVERSION = YES_AGGRESSIVE;
				CLANG_CXX_LANGUAGE_STANDARD = "gnu++17";
				CLANG_ENABLE_MODULES = YES;
				CLANG_ENABLE_OBJC_ARC = YES;
				CLANG_ENABLE_OBJC_WEAK = YES;
				CLANG_WARN_BLOCK_CAPTURE_AUTORELEASING = YES;
				CLANG_WARN_BOOL_CONVERSION = YES;
				CLANG_WARN_COMMA = YES;
				CLANG_WARN_CONSTANT_CONVERSION = YES;
				CLANG_WARN_DEPRECATED_OBJC_IMPLEMENTATIONS = YES;
				CLANG_WARN_DIRECT_OBJC_ISA_USAGE = YES_ERROR;
				CLANG_WARN_DOCUMENTATION_COMMENTS = YES;
				CLANG_WARN_EMPTY_BODY = YES;
				CLANG_WARN_ENUM_CONVERSION = YES;
				CLANG_WARN_INFINITE_RECURSION = YES;
				CLANG_WARN_INT_CONVERSION = YES;
				CLANG_WARN_NON_LITERAL_NULL_CONVERSION = YES;
				CLANG_WARN_OBJC_IMPLICIT_RETAIN_SELF = YES;
				CLANG_WARN_OBJC_LITERAL_CONVERSION = YES;
				CLANG_WARN_OBJC_ROOT_CLASS = YES_ERROR;
				CLANG_WARN_QUOTED_INCLUDE_IN_FRAMEWORK_HEADER = YES;
				CLANG_WARN_RANGE_LOOP_ANALYSIS = YES;
				CLANG_WARN_STRICT_PROTOTYPES = YES;
				CLANG_WARN_SUSPICIOUS_MOVE = YES;
				CLANG_WARN_UNGUARDED_AVAILABILITY = YES_AGGRESSIVE;
				CLANG_WARN_UNREACHABLE_CODE = YES;
				CLANG_WARN__DUPLICATE_METHOD_MATCH = YES;
				COPY_PHASE_STRIP = NO;
				DEBUG_INFORMATION_FORMAT = "dwarf-with-dsym";
				ENABLE_NS_ASSERTIONS = NO;
				ENABLE_STRICT_OBJC_MSGSEND = YES;
				GCC_C_LANGUAGE_STANDARD = gnu11;
				GCC_NO_COMMON_BLOCKS = YES;
				GCC_WARN_64_TO_32_BIT_CONVERSION = YES;
				GCC_WARN_ABOUT_RETURN_TYPE = YES_ERROR;
				GCC_WARN_UNDECLARED_SELECTOR = YES;
				GCC_WARN_UNINITIALIZED_AUTOS = YES_AGGRESSIVE;
				GCC_WARN_UNUSED_FUNCTION = YES;
				GCC_WARN_UNUSED_VARIABLE = YES;
				IPHONEOS_DEPLOYMENT_TARGET = 15.5;
				MTL_ENABLE_DEBUG_INFO = NO;
				MTL_FAST_MATH = YES;
				SDKROOT = iphoneos;
				SWIFT_COMPILATION_MODE = wholemodule;
				SWIFT_OPTIMIZATION_LEVEL = "-O";
				VALIDATE_PRODUCT = YES;
			};
			name = Release;
		};
		DF02320128A286220038FB2B /* Debug */ = {
			isa = XCBuildConfiguration;
			baseConfigurationReference = A6C3D7F69621F940DEDB578D /* Pods-PhotoUs.debug.xcconfig */;
			buildSettings = {
				ASSETCATALOG_COMPILER_APPICON_NAME = AppIcon;
				ASSETCATALOG_COMPILER_GLOBAL_ACCENT_COLOR_NAME = AccentColor;
				CODE_SIGN_STYLE = Automatic;
				CURRENT_PROJECT_VERSION = 1;
				DEVELOPMENT_TEAM = 3PC4MSN8T7;
				GENERATE_INFOPLIST_FILE = YES;
				INFOPLIST_FILE = PhotoUs/Info.plist;
				INFOPLIST_KEY_UIApplicationSupportsIndirectInputEvents = YES;
				INFOPLIST_KEY_UILaunchStoryboardName = LaunchScreen;
				INFOPLIST_KEY_UISupportedInterfaceOrientations_iPad = "UIInterfaceOrientationPortrait UIInterfaceOrientationPortraitUpsideDown UIInterfaceOrientationLandscapeLeft UIInterfaceOrientationLandscapeRight";
				INFOPLIST_KEY_UISupportedInterfaceOrientations_iPhone = "UIInterfaceOrientationPortrait UIInterfaceOrientationLandscapeLeft UIInterfaceOrientationLandscapeRight";
				LD_RUNPATH_SEARCH_PATHS = (
					"$(inherited)",
					"@executable_path/Frameworks",
				);
				MARKETING_VERSION = 1.0;
				PRODUCT_BUNDLE_IDENTIFIER = br.com.yago.PhotoUs;
				PRODUCT_NAME = "$(TARGET_NAME)";
				SWIFT_EMIT_LOC_STRINGS = YES;
				SWIFT_VERSION = 5.0;
				TARGETED_DEVICE_FAMILY = "1,2";
			};
			name = Debug;
		};
		DF02320228A286220038FB2B /* Release */ = {
			isa = XCBuildConfiguration;
			baseConfigurationReference = 47649EFF924E25EC8BCB1FE1 /* Pods-PhotoUs.release.xcconfig */;
			buildSettings = {
				ASSETCATALOG_COMPILER_APPICON_NAME = AppIcon;
				ASSETCATALOG_COMPILER_GLOBAL_ACCENT_COLOR_NAME = AccentColor;
				CODE_SIGN_STYLE = Automatic;
				CURRENT_PROJECT_VERSION = 1;
				DEVELOPMENT_TEAM = 3PC4MSN8T7;
				GENERATE_INFOPLIST_FILE = YES;
				INFOPLIST_FILE = PhotoUs/Info.plist;
				INFOPLIST_KEY_UIApplicationSupportsIndirectInputEvents = YES;
				INFOPLIST_KEY_UILaunchStoryboardName = LaunchScreen;
				INFOPLIST_KEY_UISupportedInterfaceOrientations_iPad = "UIInterfaceOrientationPortrait UIInterfaceOrientationPortraitUpsideDown UIInterfaceOrientationLandscapeLeft UIInterfaceOrientationLandscapeRight";
				INFOPLIST_KEY_UISupportedInterfaceOrientations_iPhone = "UIInterfaceOrientationPortrait UIInterfaceOrientationLandscapeLeft UIInterfaceOrientationLandscapeRight";
				LD_RUNPATH_SEARCH_PATHS = (
					"$(inherited)",
					"@executable_path/Frameworks",
				);
				MARKETING_VERSION = 1.0;
				PRODUCT_BUNDLE_IDENTIFIER = br.com.yago.PhotoUs;
				PRODUCT_NAME = "$(TARGET_NAME)";
				SWIFT_EMIT_LOC_STRINGS = YES;
				SWIFT_VERSION = 5.0;
				TARGETED_DEVICE_FAMILY = "1,2";
			};
			name = Release;
		};
		DF02320428A286220038FB2B /* Debug */ = {
			isa = XCBuildConfiguration;
			baseConfigurationReference = CBFD1B108D8B2C949FE511B0 /* Pods-PhotoUsTests.debug.xcconfig */;
			buildSettings = {
				ALWAYS_EMBED_SWIFT_STANDARD_LIBRARIES = YES;
				BUNDLE_LOADER = "$(TEST_HOST)";
				CODE_SIGN_STYLE = Automatic;
				CURRENT_PROJECT_VERSION = 1;
				DEVELOPMENT_TEAM = 3PC4MSN8T7;
				GENERATE_INFOPLIST_FILE = YES;
				IPHONEOS_DEPLOYMENT_TARGET = 15.5;
				MARKETING_VERSION = 1.0;
				PRODUCT_BUNDLE_IDENTIFIER = br.com.yago.PhotoUsTests;
				PRODUCT_NAME = "$(TARGET_NAME)";
				SWIFT_EMIT_LOC_STRINGS = NO;
				SWIFT_VERSION = 5.0;
				TARGETED_DEVICE_FAMILY = "1,2";
				TEST_HOST = "$(BUILT_PRODUCTS_DIR)/PhotoUs.app/PhotoUs";
			};
			name = Debug;
		};
		DF02320528A286220038FB2B /* Release */ = {
			isa = XCBuildConfiguration;
			baseConfigurationReference = 390CDAF3AB793364B035AD0A /* Pods-PhotoUsTests.release.xcconfig */;
			buildSettings = {
				ALWAYS_EMBED_SWIFT_STANDARD_LIBRARIES = YES;
				BUNDLE_LOADER = "$(TEST_HOST)";
				CODE_SIGN_STYLE = Automatic;
				CURRENT_PROJECT_VERSION = 1;
				DEVELOPMENT_TEAM = 3PC4MSN8T7;
				GENERATE_INFOPLIST_FILE = YES;
				IPHONEOS_DEPLOYMENT_TARGET = 15.5;
				MARKETING_VERSION = 1.0;
				PRODUCT_BUNDLE_IDENTIFIER = br.com.yago.PhotoUsTests;
				PRODUCT_NAME = "$(TARGET_NAME)";
				SWIFT_EMIT_LOC_STRINGS = NO;
				SWIFT_VERSION = 5.0;
				TARGETED_DEVICE_FAMILY = "1,2";
				TEST_HOST = "$(BUILT_PRODUCTS_DIR)/PhotoUs.app/PhotoUs";
			};
			name = Release;
		};
		DF02320728A286220038FB2B /* Debug */ = {
			isa = XCBuildConfiguration;
			baseConfigurationReference = F996297208B3718BC651116A /* Pods-PhotoUs-PhotoUsUITests.debug.xcconfig */;
			buildSettings = {
				ALWAYS_EMBED_SWIFT_STANDARD_LIBRARIES = YES;
				CODE_SIGN_STYLE = Automatic;
				CURRENT_PROJECT_VERSION = 1;
				DEVELOPMENT_TEAM = 3PC4MSN8T7;
				GENERATE_INFOPLIST_FILE = YES;
				MARKETING_VERSION = 1.0;
				PRODUCT_BUNDLE_IDENTIFIER = br.com.yago.PhotoUsUITests;
				PRODUCT_NAME = "$(TARGET_NAME)";
				SWIFT_EMIT_LOC_STRINGS = NO;
				SWIFT_VERSION = 5.0;
				TARGETED_DEVICE_FAMILY = "1,2";
				TEST_TARGET_NAME = PhotoUs;
			};
			name = Debug;
		};
		DF02320828A286220038FB2B /* Release */ = {
			isa = XCBuildConfiguration;
			baseConfigurationReference = 604FC1915465525CC6DB35E6 /* Pods-PhotoUs-PhotoUsUITests.release.xcconfig */;
			buildSettings = {
				ALWAYS_EMBED_SWIFT_STANDARD_LIBRARIES = YES;
				CODE_SIGN_STYLE = Automatic;
				CURRENT_PROJECT_VERSION = 1;
				DEVELOPMENT_TEAM = 3PC4MSN8T7;
				GENERATE_INFOPLIST_FILE = YES;
				MARKETING_VERSION = 1.0;
				PRODUCT_BUNDLE_IDENTIFIER = br.com.yago.PhotoUsUITests;
				PRODUCT_NAME = "$(TARGET_NAME)";
				SWIFT_EMIT_LOC_STRINGS = NO;
				SWIFT_VERSION = 5.0;
				TARGETED_DEVICE_FAMILY = "1,2";
				TEST_TARGET_NAME = PhotoUs;
			};
			name = Release;
		};
/* End XCBuildConfiguration section */

/* Begin XCConfigurationList section */
		DF0231D128A286220038FB2B /* Build configuration list for PBXProject "PhotoUs" */ = {
			isa = XCConfigurationList;
			buildConfigurations = (
				DF0231FE28A286220038FB2B /* Debug */,
				DF0231FF28A286220038FB2B /* Release */,
			);
			defaultConfigurationIsVisible = 0;
			defaultConfigurationName = Release;
		};
		DF02320028A286220038FB2B /* Build configuration list for PBXNativeTarget "PhotoUs" */ = {
			isa = XCConfigurationList;
			buildConfigurations = (
				DF02320128A286220038FB2B /* Debug */,
				DF02320228A286220038FB2B /* Release */,
			);
			defaultConfigurationIsVisible = 0;
			defaultConfigurationName = Release;
		};
		DF02320328A286220038FB2B /* Build configuration list for PBXNativeTarget "PhotoUsTests" */ = {
			isa = XCConfigurationList;
			buildConfigurations = (
				DF02320428A286220038FB2B /* Debug */,
				DF02320528A286220038FB2B /* Release */,
			);
			defaultConfigurationIsVisible = 0;
			defaultConfigurationName = Release;
		};
		DF02320628A286220038FB2B /* Build configuration list for PBXNativeTarget "PhotoUsUITests" */ = {
			isa = XCConfigurationList;
			buildConfigurations = (
				DF02320728A286220038FB2B /* Debug */,
				DF02320828A286220038FB2B /* Release */,
			);
			defaultConfigurationIsVisible = 0;
			defaultConfigurationName = Release;
		};
/* End XCConfigurationList section */
	};
	rootObject = DF0231CE28A286220038FB2B /* Project object */;
}
